
Microsoft Visual Studio Solution File, Format Version 12.00
# Visual Studio Version 17
VisualStudioVersion = 17.8.34322.80
MinimumVisualStudioVersion = 10.0.40219.1
Project("{9A19103F-16F7-4668-BE54-9A1E7A4F7556}") = "CB.Serilog.Sinks.AzureLogAnalytics", "CB.Serilog.Sinks.AzureLogAnalytics\CB.Serilog.Sinks.AzureLogAnalytics.csproj", "{5B68194B-7690-4C3B-870D-44FE7E63CA44}"
EndProject
Project("{9A19103F-16F7-4668-BE54-9A1E7A4F7556}") = "CB.Serilog.Sinks.AzureLogAnalytics.Sample", "CB.Serilog.Sinks.AzureLogAnalytics.Sample\CB.Serilog.Sinks.AzureLogAnalytics.Sample.csproj", "{79C2F372-C409-4836-ADF1-45CF79AAF75D}"
EndProject
Global
	GlobalSection(SolutionConfigurationPlatforms) = preSolution
		Debug|Any CPU = Debug|Any CPU
		Release|Any CPU = Release|Any CPU
	EndGlobalSection
	GlobalSection(ProjectConfigurationPlatforms) = postSolution
		{5B68194B-7690-4C3B-870D-44FE7E63CA44}.Debug|Any CPU.ActiveCfg = Debug|Any CPU
		{5B68194B-7690-4C3B-870D-44FE7E63CA44}.Debug|Any CPU.Build.0 = Debug|Any CPU
		{5B68194B-7690-4C3B-870D-44FE7E63CA44}.Release|Any CPU.ActiveCfg = Release|Any CPU
		{5B68194B-7690-4C3B-870D-44FE7E63CA44}.Release|Any CPU.Build.0 = Release|Any CPU
		{79C2F372-C409-4836-ADF1-45CF79AAF75D}.Debug|Any CPU.ActiveCfg = Debug|Any CPU
		{79C2F372-C409-4836-ADF1-45CF79AAF75D}.Debug|Any CPU.Build.0 = Debug|Any CPU
		{79C2F372-C409-4836-ADF1-45CF79AAF75D}.Release|Any CPU.ActiveCfg = Release|Any CPU
		{79C2F372-C409-4836-ADF1-45CF79AAF75D}.Release|Any CPU.Build.0 = Release|Any CPU
	EndGlobalSection
	GlobalSection(SolutionProperties) = preSolution
		HideSolutionNode = FALSE
	EndGlobalSection
	GlobalSection(ExtensibilityGlobals) = postSolution
		SolutionGuid = {73B0CCB9-1ABF-42A1-98CE-09538F864B07}
	EndGlobalSection
EndGlobal
